
Microsoft Visual Studio Solution File, Format Version 12.00
# Visual Studio Version 16
VisualStudioVersion = 16.0.31613.86
MinimumVisualStudioVersion = 10.0.40219.1
Project("{FAE04EC0-301F-11D3-BF4B-00C04F79EFBC}") = "lab03", "lab03\lab03.csproj", "{478DD819-1EEF-4635-B88B-E9CF79D9FF58}"
EndProject
Global
	GlobalSection(SolutionConfigurationPlatforms) = preSolution
		Debug|Any CPU = Debug|Any CPU
		Release|Any CPU = Release|Any CPU
	EndGlobalSection
	GlobalSection(ProjectConfigurationPlatforms) = postSolution
		{478DD819-1EEF-4635-B88B-E9CF79D9FF58}.Debug|Any CPU.ActiveCfg = Debug|Any CPU
		{478DD819-1EEF-4635-B88B-E9CF79D9FF58}.Debug|Any CPU.Build.0 = Debug|Any CPU
		{478DD819-1EEF-4635-B88B-E9CF79D9FF58}.Release|Any CPU.ActiveCfg = Release|Any CPU
		{478DD819-1EEF-4635-B88B-E9CF79D9FF58}.Release|Any CPU.Build.0 = Release|Any CPU
	EndGlobalSection
	GlobalSection(SolutionProperties) = preSolution
		HideSolutionNode = FALSE
	EndGlobalSection
	GlobalSection(ExtensibilityGlobals) = postSolution
		SolutionGuid = {6E5FA345-99FD-4C9C-868A-0FD322E86E54}
	EndGlobalSection
EndGlobal
